name: Release lock

on:
  workflow_call:
    inputs:
      bump-branch-prefix:
        description: "Head branch prefix that identifies version-bump PRs"
        required: false
        type: string
        default: "bot/prepare-next-development-iteration-"

jobs:
  release-lock:
    name: Set release-lock status
    runs-on: ubuntu-latest
    permissions:
      statuses: write
      pull-requests: read
    steps:
      - name: Set release-lock status
        shell: bash
        env:
          GH_TOKEN: ${{ github.token }}
          GH_REPO: ${{ github.repository }}
          PR_NUMBER: ${{ github.event.pull_request.number }}
          PR_HEAD_SHA: ${{ github.event.pull_request.head.sha }}
          PR_HEAD_BRANCH: ${{ github.event.pull_request.head.ref }}
          PR_ACTION: ${{ github.event.action }}
          BUMP_BRANCH_PREFIX: ${{ inputs.bump-branch-prefix }}
        run: |
          CONTEXT="release-lock"

          post_status() {
            local sha="$1" state="$2" description="$3"
            gh api --method POST \
              "/repos/${GH_REPO}/statuses/${sha}" \
              -f state="$state" \
              -f context="$CONTEXT" \
              -f description="$description"
          }

          if [[ "$PR_HEAD_BRANCH" == ${BUMP_BRANCH_PREFIX}* ]]; then
            # This is the version-bump PR.
            if [[ "$PR_ACTION" == "closed" ]]; then
              # Bump PR merged/abandoned — reset all other open PRs to green.
              echo "Bump PR closed. Resetting all open PRs to green..."
              prs=$(gh pr list --state open --json number,headRefOid --limit 1000 \
                    --jq '.[] | "\(.number) \(.headRefOid)"')
              while IFS=' ' read -r num sha; do
                [ -z "$num" ] && continue
                echo "  Resetting PR #$num (${sha:0:7}) to success"
                post_status "$sha" "success" "No release in progress"
              done <<< "$prs"
            else
              # Bump PR opened/updated — mark itself green.
              # Other open PRs were already set to failure by the release-start sweep
              # in automated-release.yml (set-release-lock job). PRs that open after
              # that sweep are handled by path B below when their own PR event fires.
              echo "Bump PR opened/updated. Setting bump PR green..."
              post_status "$PR_HEAD_SHA" "success" "Version-bump PR — may merge"
            fi
          else
            # Normal PR event — check if a bump PR is currently open.
            bump_pr=$(gh pr list --state open --json number,headRefName --limit 200 \
              --jq '.[] | select(.headRefName | startswith("'"${BUMP_BRANCH_PREFIX}"'")) | .number' \
              | head -1)
            if [ -n "$bump_pr" ] && [ "$bump_pr" != "null" ]; then
              echo "Bump PR #$bump_pr is open. Blocking this PR."
              post_status "$PR_HEAD_SHA" "failure" \
                "Release in progress — merge the version-bump PR (#${bump_pr}) first"
            else
              echo "No bump PR open. Setting this PR to success."
              post_status "$PR_HEAD_SHA" "success" "No release in progress"
            fi
          fi
